
Microsoft Visual Studio Solution File, Format Version 12.00
# Visual Studio Version 17
VisualStudioVersion = 17.4.33110.190
MinimumVisualStudioVersion = 10.0.40219.1
Project("{9A19103F-16F7-4668-BE54-9A1E7A4F7556}") = "VRModeling", "VRModeling\VRModeling.csproj", "{C95C1789-0002-42EF-A8F1-27407F9FB557}"
EndProject
Global
	GlobalSection(SolutionConfigurationPlatforms) = preSolution
		Debug|Any CPU = Debug|Any CPU
		Release|Any CPU = Release|Any CPU
	EndGlobalSection
	GlobalSection(ProjectConfigurationPlatforms) = postSolution
		{C95C1789-0002-42EF-A8F1-27407F9FB557}.Debug|Any CPU.ActiveCfg = Debug|Any CPU
		{C95C1789-0002-42EF-A8F1-27407F9FB557}.Debug|Any CPU.Build.0 = Debug|Any CPU
		{C95C1789-0002-42EF-A8F1-27407F9FB557}.Release|Any CPU.ActiveCfg = Release|Any CPU
		{C95C1789-0002-42EF-A8F1-27407F9FB557}.Release|Any CPU.Build.0 = Release|Any CPU
	EndGlobalSection
	GlobalSection(SolutionProperties) = preSolution
		HideSolutionNode = FALSE
	EndGlobalSection
	GlobalSection(ExtensibilityGlobals) = postSolution
		SolutionGuid = {3B97D9BE-3CEC-4BB3-BDAC-01E3E59EE939}
	EndGlobalSection
EndGlobal
